// !$*UTF8*$!
{
	archiveVersion = 1;
	classes = {
	};
	objectVersion = 56;
	objects = {

/* Begin PBXBuildFile section */
		A208E0FC2BD62C96004E8605 /* AppDelegate.swift in Sources */ = {isa = PBXBuildFile; fileRef = A208E0FB2BD62C96004E8605 /* AppDelegate.swift */; };
		A208E0FE2BD62C96004E8605 /* SceneDelegate.swift in Sources */ = {isa = PBXBuildFile; fileRef = A208E0FD2BD62C96004E8605 /* SceneDelegate.swift */; };
		A208E1052BD62C97004E8605 /* Assets.xcassets in Resources */ = {isa = PBXBuildFile; fileRef = A208E1042BD62C97004E8605 /* Assets.xcassets */; };
		A208E1082BD62C97004E8605 /* Base in Resources */ = {isa = PBXBuildFile; fileRef = A208E1072BD62C97004E8605 /* Base */; };
		A208E1132BD62C98004E8605 /* PracticeUIKit01Tests.swift in Sources */ = {isa = PBXBuildFile; fileRef = A208E1122BD62C98004E8605 /* PracticeUIKit01Tests.swift */; };
		A208E11D2BD62C98004E8605 /* PracticeUIKit01UITests.swift in Sources */ = {isa = PBXBuildFile; fileRef = A208E11C2BD62C98004E8605 /* PracticeUIKit01UITests.swift */; };
		A208E11F2BD62C98004E8605 /* PracticeUIKit01UITestsLaunchTests.swift in Sources */ = {isa = PBXBuildFile; fileRef = A208E11E2BD62C98004E8605 /* PracticeUIKit01UITestsLaunchTests.swift */; };
		A208E12C2BD62E05004E8605 /* MyViewController.swift in Sources */ = {isa = PBXBuildFile; fileRef = A208E12B2BD62E05004E8605 /* MyViewController.swift */; };
		A208E12E2BD642C0004E8605 /* SecondAppMainViewController.swift in Sources */ = {isa = PBXBuildFile; fileRef = A208E12D2BD642C0004E8605 /* SecondAppMainViewController.swift */; };
/* End PBXBuildFile section */

/* Begin PBXContainerItemProxy section */
		A208E10F2BD62C98004E8605 /* PBXContainerItemProxy */ = {
			isa = PBXContainerItemProxy;
			containerPortal = A208E0F02BD62C96004E8605 /* Project object */;
			proxyType = 1;
			remoteGlobalIDString = A208E0F72BD62C96004E8605;
			remoteInfo = PracticeUIKit01;
		};
		A208E1192BD62C98004E8605 /* PBXContainerItemProxy */ = {
			isa = PBXContainerItemProxy;
			containerPortal = A208E0F02BD62C96004E8605 /* Project object */;
			proxyType = 1;
			remoteGlobalIDString = A208E0F72BD62C96004E8605;
			remoteInfo = PracticeUIKit01;
		};
/* End PBXContainerItemProxy section */

/* Begin PBXFileReference section */
		A208E0F82BD62C96004E8605 /* PracticeUIKit01.app */ = {isa = PBXFileReference; explicitFileType = wrapper.application; includeInIndex = 0; path = PracticeUIKit01.app; sourceTree = BUILT_PRODUCTS_DIR; };
		A208E0FB2BD62C96004E8605 /* AppDelegate.swift */ = {isa = PBXFileReference; lastKnownFileType = sourcecode.swift; path = AppDelegate.swift; sourceTree = "<group>"; };
		A208E0FD2BD62C96004E8605 /* SceneDelegate.swift */ = {isa = PBXFileReference; lastKnownFileType = sourcecode.swift; path = SceneDelegate.swift; sourceTree = "<group>"; };
		A208E1042BD62C97004E8605 /* Assets.xcassets */ = {isa = PBXFileReference; lastKnownFileType = folder.assetcatalog; path = Assets.xcassets; sourceTree = "<group>"; };
		A208E1072BD62C97004E8605 /* Base */ = {isa = PBXFileReference; lastKnownFileType = file.storyboard; name = Base; path = Base.lproj/LaunchScreen.storyboard; sourceTree = "<group>"; };
		A208E1092BD62C97004E8605 /* Info.plist */ = {isa = PBXFileReference; lastKnownFileType = text.plist.xml; path = Info.plist; sourceTree = "<group>"; };
		A208E10E2BD62C98004E8605 /* PracticeUIKit01Tests.xctest */ = {isa = PBXFileReference; explicitFileType = wrapper.cfbundle; includeInIndex = 0; path = PracticeUIKit01Tests.xctest; sourceTree = BUILT_PRODUCTS_DIR; };
		A208E1122BD62C98004E8605 /* PracticeUIKit01Tests.swift */ = {isa = PBXFileReference; lastKnownFileType = sourcecode.swift; path = PracticeUIKit01Tests.swift; sourceTree = "<group>"; };
		A208E1182BD62C98004E8605 /* PracticeUIKit01UITests.xctest */ = {isa = PBXFileReference; explicitFileType = wrapper.cfbundle; includeInIndex = 0; path = PracticeUIKit01UITests.xctest; sourceTree = BUILT_PRODUCTS_DIR; };
		A208E11C2BD62C98004E8605 /* PracticeUIKit01UITests.swift */ = {isa = PBXFileReference; lastKnownFileType = sourcecode.swift; path = PracticeUIKit01UITests.swift; sourceTree = "<group>"; };
		A208E11E2BD62C98004E8605 /* PracticeUIKit01UITestsLaunchTests.swift */ = {isa = PBXFileReference; lastKnownFileType = sourcecode.swift; path = PracticeUIKit01UITestsLaunchTests.swift; sourceTree = "<group>"; };
		A208E12B2BD62E05004E8605 /* MyViewController.swift */ = {isa = PBXFileReference; lastKnownFileType = sourcecode.swift; path = MyViewController.swift; sourceTree = "<group>"; };
		A208E12D2BD642C0004E8605 /* SecondAppMainViewController.swift */ = {isa = PBXFileReference; lastKnownFileType = sourcecode.swift; path = SecondAppMainViewController.swift; sourceTree = "<group>"; };
/* End PBXFileReference section */

/* Begin PBXFrameworksBuildPhase section */
		A208E0F52BD62C96004E8605 /* Frameworks */ = {
			isa = PBXFrameworksBuildPhase;
			buildActionMask = 2147483647;
			files = (
			);
			runOnlyForDeploymentPostprocessing = 0;
		};
		A208E10B2BD62C98004E8605 /* Frameworks */ = {
			isa = PBXFrameworksBuildPhase;
			buildActionMask = 2147483647;
			files = (
			);
			runOnlyForDeploymentPostprocessing = 0;
		};
		A208E1152BD62C98004E8605 /* Frameworks */ = {
			isa = PBXFrameworksBuildPhase;
			buildActionMask = 2147483647;
			files = (
			);
			runOnlyForDeploymentPostprocessing = 0;
		};
/* End PBXFrameworksBuildPhase section */

/* Begin PBXGroup section */
		A208E0EF2BD62C96004E8605 = {
			isa = PBXGroup;
			children = (
				A208E0FA2BD62C96004E8605 /* PracticeUIKit01 */,
				A208E1112BD62C98004E8605 /* PracticeUIKit01Tests */,
				A208E11B2BD62C98004E8605 /* PracticeUIKit01UITests */,
				A208E0F92BD62C96004E8605 /* Products */,
			);
			sourceTree = "<group>";
		};
		A208E0F92BD62C96004E8605 /* Products */ = {
			isa = PBXGroup;
			children = (
				A208E0F82BD62C96004E8605 /* PracticeUIKit01.app */,
				A208E10E2BD62C98004E8605 /* PracticeUIKit01Tests.xctest */,
				A208E1182BD62C98004E8605 /* PracticeUIKit01UITests.xctest */,
			);
			name = Products;
			sourceTree = "<group>";
		};
		A208E0FA2BD62C96004E8605 /* PracticeUIKit01 */ = {
			isa = PBXGroup;
			children = (
				A208E0FB2BD62C96004E8605 /* AppDelegate.swift */,
				A208E0FD2BD62C96004E8605 /* SceneDelegate.swift */,
				A208E12D2BD642C0004E8605 /* SecondAppMainViewController.swift */,
				A208E12B2BD62E05004E8605 /* MyViewController.swift */,
				A208E1042BD62C97004E8605 /* Assets.xcassets */,
				A208E1062BD62C97004E8605 /* LaunchScreen.storyboard */,
				A208E1092BD62C97004E8605 /* Info.plist */,
			);
			path = PracticeUIKit01;
			sourceTree = "<group>";
		};
		A208E1112BD62C98004E8605 /* PracticeUIKit01Tests */ = {
			isa = PBXGroup;
			children = (
				A208E1122BD62C98004E8605 /* PracticeUIKit01Tests.swift */,
			);
			path = PracticeUIKit01Tests;
			sourceTree = "<group>";
		};
		A208E11B2BD62C98004E8605 /* PracticeUIKit01UITests */ = {
			isa = PBXGroup;
			children = (
				A208E11C2BD62C98004E8605 /* PracticeUIKit01UITests.swift */,
				A208E11E2BD62C98004E8605 /* PracticeUIKit01UITestsLaunchTests.swift */,
			);
			path = PracticeUIKit01UITests;
			sourceTree = "<group>";
		};
/* End PBXGroup section */

/* Begin PBXNativeTarget section */
		A208E0F72BD62C96004E8605 /* PracticeUIKit01 */ = {
			isa = PBXNativeTarget;
			buildConfigurationList = A208E1222BD62C98004E8605 /* Build configuration list for PBXNativeTarget "PracticeUIKit01" */;
			buildPhases = (
				A208E0F42BD62C96004E8605 /* Sources */,
				A208E0F52BD62C96004E8605 /* Frameworks */,
				A208E0F62BD62C96004E8605 /* Resources */,
			);
			buildRules = (
			);
			dependencies = (
			);
			name = PracticeUIKit01;
			productName = PracticeUIKit01;
			productReference = A208E0F82BD62C96004E8605 /* PracticeUIKit01.app */;
			productType = "com.apple.product-type.application";
		};
		A208E10D2BD62C98004E8605 /* PracticeUIKit01Tests */ = {
			isa = PBXNativeTarget;
			buildConfigurationList = A208E1252BD62C98004E8605 /* Build configuration list for PBXNativeTarget "PracticeUIKit01Tests" */;
			buildPhases = (
				A208E10A2BD62C98004E8605 /* Sources */,
				A208E10B2BD62C98004E8605 /* Frameworks */,
				A208E10C2BD62C98004E8605 /* Resources */,
			);
			buildRules = (
			);
			dependencies = (
				A208E1102BD62C98004E8605 /* PBXTargetDependency */,
			);
			name = PracticeUIKit01Tests;
			productName = PracticeUIKit01Tests;
			productReference = A208E10E2BD62C98004E8605 /* PracticeUIKit01Tests.xctest */;
			productType = "com.apple.product-type.bundle.unit-test";
		};
		A208E1172BD62C98004E8605 /* PracticeUIKit01UITests */ = {
			isa = PBXNativeTarget;
			buildConfigurationList = A208E1282BD62C98004E8605 /* Build configuration list for PBXNativeTarget "PracticeUIKit01UITests" */;
			buildPhases = (
				A208E1142BD62C98004E8605 /* Sources */,
				A208E1152BD62C98004E8605 /* Frameworks */,
				A208E1162BD62C98004E8605 /* Resources */,
			);
			buildRules = (
			);
			dependencies = (
				A208E11A2BD62C98004E8605 /* PBXTargetDependency */,
			);
			name = PracticeUIKit01UITests;
			productName = PracticeUIKit01UITests;
			productReference = A208E1182BD62C98004E8605 /* PracticeUIKit01UITests.xctest */;
			productType = "com.apple.product-type.bundle.ui-testing";
		};
/* End PBXNativeTarget section */

/* Begin PBXProject section */
		A208E0F02BD62C96004E8605 /* Project object */ = {
			isa = PBXProject;
			attributes = {
				BuildIndependentTargetsInParallel = 1;
				LastSwiftUpdateCheck = 1530;
				LastUpgradeCheck = 1530;
				TargetAttributes = {
					A208E0F72BD62C96004E8605 = {
						CreatedOnToolsVersion = 15.3;
					};
					A208E10D2BD62C98004E8605 = {
						CreatedOnToolsVersion = 15.3;
						TestTargetID = A208E0F72BD62C96004E8605;
					};
					A208E1172BD62C98004E8605 = {
						CreatedOnToolsVersion = 15.3;
						TestTargetID = A208E0F72BD62C96004E8605;
					};
				};
			};
			buildConfigurationList = A208E0F32BD62C96004E8605 /* Build configuration list for PBXProject "PracticeUIKit01" */;
			compatibilityVersion = "Xcode 14.0";
			developmentRegion = en;
			hasScannedForEncodings = 0;
			knownRegions = (
				en,
				Base,
			);
			mainGroup = A208E0EF2BD62C96004E8605;
			productRefGroup = A208E0F92BD62C96004E8605 /* Products */;
			projectDirPath = "";
			projectRoot = "";
			targets = (
				A208E0F72BD62C96004E8605 /* PracticeUIKit01 */,
				A208E10D2BD62C98004E8605 /* PracticeUIKit01Tests */,
				A208E1172BD62C98004E8605 /* PracticeUIKit01UITests */,
			);
		};
/* End PBXProject section */

/* Begin PBXResourcesBuildPhase section */
		A208E0F62BD62C96004E8605 /* Resources */ = {
			isa = PBXResourcesBuildPhase;
			buildActionMask = 2147483647;
			files = (
				A208E1052BD62C97004E8605 /* Assets.xcassets in Resources */,
				A208E1082BD62C97004E8605 /* Base in Resources */,
			);
			runOnlyForDeploymentPostprocessing = 0;
		};
		A208E10C2BD62C98004E8605 /* Resources */ = {
			isa = PBXResourcesBuildPhase;
			buildActionMask = 2147483647;
			files = (
			);
			runOnlyForDeploymentPostprocessing = 0;
		};
		A208E1162BD62C98004E8605 /* Resources */ = {
			isa = PBXResourcesBuildPhase;
			buildActionMask = 2147483647;
			files = (
			);
			runOnlyForDeploymentPostprocessing = 0;
		};
/* End PBXResourcesBuildPhase section */

/* Begin PBXSourcesBuildPhase section */
		A208E0F42BD62C96004E8605 /* Sources */ = {
			isa = PBXSourcesBuildPhase;
			buildActionMask = 2147483647;
			files = (
				A208E0FC2BD62C96004E8605 /* AppDelegate.swift in Sources */,
				A208E12C2BD62E05004E8605 /* MyViewController.swift in Sources */,
				A208E0FE2BD62C96004E8605 /* SceneDelegate.swift in Sources */,
				A208E12E2BD642C0004E8605 /* SecondAppMainViewController.swift in Sources */,
			);
			runOnlyForDeploymentPostprocessing = 0;
		};
		A208E10A2BD62C98004E8605 /* Sources */ = {
			isa = PBXSourcesBuildPhase;
			buildActionMask = 2147483647;
			files = (
				A208E1132BD62C98004E8605 /* PracticeUIKit01Tests.swift in Sources */,
			);
			runOnlyForDeploymentPostprocessing = 0;
		};
		A208E1142BD62C98004E8605 /* Sources */ = {
			isa = PBXSourcesBuildPhase;
			buildActionMask = 2147483647;
			files = (
				A208E11D2BD62C98004E8605 /* PracticeUIKit01UITests.swift in Sources */,
				A208E11F2BD62C98004E8605 /* PracticeUIKit01UITestsLaunchTests.swift in Sources */,
			);
			runOnlyForDeploymentPostprocessing = 0;
		};
/* End PBXSourcesBuildPhase section */

/* Begin PBXTargetDependency section */
		A208E1102BD62C98004E8605 /* PBXTargetDependency */ = {
			isa = PBXTargetDependency;
			target = A208E0F72BD62C96004E8605 /* PracticeUIKit01 */;
			targetProxy = A208E10F2BD62C98004E8605 /* PBXContainerItemProxy */;
		};
		A208E11A2BD62C98004E8605 /* PBXTargetDependency */ = {
			isa = PBXTargetDependency;
			target = A208E0F72BD62C96004E8605 /* PracticeUIKit01 */;
			targetProxy = A208E1192BD62C98004E8605 /* PBXContainerItemProxy */;
		};
/* End PBXTargetDependency section */

/* Begin PBXVariantGroup section */
		A208E1062BD62C97004E8605 /* LaunchScreen.storyboard */ = {
			isa = PBXVariantGroup;
			children = (
				A208E1072BD62C97004E8605 /* Base */,
			);
			name = LaunchScreen.storyboard;
			sourceTree = "<group>";
		};
/* End PBXVariantGroup section */

/* Begin XCBuildConfiguration section */
		A208E1202BD62C98004E8605 /* Debug */ = {
			isa = XCBuildConfiguration;
			buildSettings = {
				ALWAYS_SEARCH_USER_PATHS = NO;
				ASSETCATALOG_COMPILER_GENERATE_SWIFT_ASSET_SYMBOL_EXTENSIONS = YES;
				CLANG_ANALYZER_NONNULL = YES;
				CLANG_ANALYZER_NUMBER_OBJECT_CONVERSION = YES_AGGRESSIVE;
				CLANG_CXX_LANGUAGE_STANDARD = "gnu++20";
				CLANG_ENABLE_MODULES = YES;
				CLANG_ENABLE_OBJC_ARC = YES;
				CLANG_ENABLE_OBJC_WEAK = YES;
				CLANG_WARN_BLOCK_CAPTURE_AUTORELEASING = YES;
				CLANG_WARN_BOOL_CONVERSION = YES;
				CLANG_WARN_COMMA = YES;
				CLANG_WARN_CONSTANT_CONVERSION = YES;
				CLANG_WARN_DEPRECATED_OBJC_IMPLEMENTATIONS = YES;
				CLANG_WARN_DIRECT_OBJC_ISA_USAGE = YES_ERROR;
				CLANG_WARN_DOCUMENTATION_COMMENTS = YES;
				CLANG_WARN_EMPTY_BODY = YES;
				CLANG_WARN_ENUM_CONVERSION = YES;
				CLANG_WARN_INFINITE_RECURSION = YES;
				CLANG_WARN_INT_CONVERSION = YES;
				CLANG_WARN_NON_LITERAL_NULL_CONVERSION = YES;
				CLANG_WARN_OBJC_IMPLICIT_RETAIN_SELF = YES;
				CLANG_WARN_OBJC_LITERAL_CONVERSION = YES;
				CLANG_WARN_OBJC_ROOT_CLASS = YES_ERROR;
				CLANG_WARN_QUOTED_INCLUDE_IN_FRAMEWORK_HEADER = YES;
				CLANG_WARN_RANGE_LOOP_ANALYSIS = YES;
				CLANG_WARN_STRICT_PROTOTYPES = YES;
				CLANG_WARN_SUSPICIOUS_MOVE = YES;
				CLANG_WARN_UNGUARDED_AVAILABILITY = YES_AGGRESSIVE;
				CLANG_WARN_UNREACHABLE_CODE = YES;
				CLANG_WARN__DUPLICATE_METHOD_MATCH = YES;
				COPY_PHASE_STRIP = NO;
				DEBUG_INFORMATION_FORMAT = dwarf;
				ENABLE_STRICT_OBJC_MSGSEND = YES;
				ENABLE_TESTABILITY = YES;
				ENABLE_USER_SCRIPT_SANDBOXING = YES;
				GCC_C_LANGUAGE_STANDARD = gnu17;
				GCC_DYNAMIC_NO_PIC = NO;
				GCC_NO_COMMON_BLOCKS = YES;
				GCC_OPTIMIZATION_LEVEL = 0;
				GCC_PREPROCESSOR_DEFINITIONS = (
					"DEBUG=1",
					"$(inherited)",
				);
				GCC_WARN_64_TO_32_BIT_CONVERSION = YES;
				GCC_WARN_ABOUT_RETURN_TYPE = YES_ERROR;
				GCC_WARN_UNDECLARED_SELECTOR = YES;
				GCC_WARN_UNINITIALIZED_AUTOS = YES_AGGRESSIVE;
				GCC_WARN_UNUSED_FUNCTION = YES;
				GCC_WARN_UNUSED_VARIABLE = YES;
				IPHONEOS_DEPLOYMENT_TARGET = 17.4;
				LOCALIZATION_PREFERS_STRING_CATALOGS = YES;
				MTL_ENABLE_DEBUG_INFO = INCLUDE_SOURCE;
				MTL_FAST_MATH = YES;
				ONLY_ACTIVE_ARCH = YES;
				SDKROOT = iphoneos;
				SWIFT_ACTIVE_COMPILATION_CONDITIONS = "DEBUG $(inherited)";
				SWIFT_OPTIMIZATION_LEVEL = "-Onone";
			};
			name = Debug;
		};
		A208E1212BD62C98004E8605 /* Release */ = {
			isa = XCBuildConfiguration;
			buildSettings = {
				ALWAYS_SEARCH_USER_PATHS = NO;
				ASSETCATALOG_COMPILER_GENERATE_SWIFT_ASSET_SYMBOL_EXTENSIONS = YES;
				CLANG_ANALYZER_NONNULL = YES;
				CLANG_ANALYZER_NUMBER_OBJECT_CONVERSION = YES_AGGRESSIVE;
				CLANG_CXX_LANGUAGE_STANDARD = "gnu++20";
				CLANG_ENABLE_MODULES = YES;
				CLANG_ENABLE_OBJC_ARC = YES;
				CLANG_ENABLE_OBJC_WEAK = YES;
				CLANG_WARN_BLOCK_CAPTURE_AUTORELEASING = YES;
				CLANG_WARN_BOOL_CONVERSION = YES;
				CLANG_WARN_COMMA = YES;
				CLANG_WARN_CONSTANT_CONVERSION = YES;
				CLANG_WARN_DEPRECATED_OBJC_IMPLEMENTATIONS = YES;
				CLANG_WARN_DIRECT_OBJC_ISA_USAGE = YES_ERROR;
				CLANG_WARN_DOCUMENTATION_COMMENTS = YES;
				CLANG_WARN_EMPTY_BODY = YES;
				CLANG_WARN_ENUM_CONVERSION = YES;
				CLANG_WARN_INFINITE_RECURSION = YES;
				CLANG_WARN_INT_CONVERSION = YES;
				CLANG_WARN_NON_LITERAL_NULL_CONVERSION = YES;
				CLANG_WARN_OBJC_IMPLICIT_RETAIN_SELF = YES;
				CLANG_WARN_OBJC_LITERAL_CONVERSION = YES;
				CLANG_WARN_OBJC_ROOT_CLASS = YES_ERROR;
				CLANG_WARN_QUOTED_INCLUDE_IN_FRAMEWORK_HEADER = YES;
				CLANG_WARN_RANGE_LOOP_ANALYSIS = YES;
				CLANG_WARN_STRICT_PROTOTYPES = YES;
				CLANG_WARN_SUSPICIOUS_MOVE = YES;
				CLANG_WARN_UNGUARDED_AVAILABILITY = YES_AGGRESSIVE;
				CLANG_WARN_UNREACHABLE_CODE = YES;
				CLANG_WARN__DUPLICATE_METHOD_MATCH = YES;
				COPY_PHASE_STRIP = NO;
				DEBUG_INFORMATION_FORMAT = "dwarf-with-dsym";
				ENABLE_NS_ASSERTIONS = NO;
				ENABLE_STRICT_OBJC_MSGSEND = YES;
				ENABLE_USER_SCRIPT_SANDBOXING = YES;
				GCC_C_LANGUAGE_STANDARD = gnu17;
				GCC_NO_COMMON_BLOCKS = YES;
				GCC_WARN_64_TO_32_BIT_CONVERSION = YES;
				GCC_WARN_ABOUT_RETURN_TYPE = YES_ERROR;
				GCC_WARN_UNDECLARED_SELECTOR = YES;
				GCC_WARN_UNINITIALIZED_AUTOS = YES_AGGRESSIVE;
				GCC_WARN_UNUSED_FUNCTION = YES;
				GCC_WARN_UNUSED_VARIABLE = YES;
				IPHONEOS_DEPLOYMENT_TARGET = 17.4;
				LOCALIZATION_PREFERS_STRING_CATALOGS = YES;
				MTL_ENABLE_DEBUG_INFO = NO;
				MTL_FAST_MATH = YES;
				SDKROOT = iphoneos;
				SWIFT_COMPILATION_MODE = wholemodule;
				VALIDATE_PRODUCT = YES;
			};
			name = Release;
		};
		A208E1232BD62C98004E8605 /* Debug */ = {
			isa = XCBuildConfiguration;
			buildSettings = {
				ASSETCATALOG_COMPILER_APPICON_NAME = AppIcon;
				ASSETCATALOG_COMPILER_GLOBAL_ACCENT_COLOR_NAME = AccentColor;
				CODE_SIGN_STYLE = Automatic;
				CURRENT_PROJECT_VERSION = 1;
				GENERATE_INFOPLIST_FILE = YES;
				INFOPLIST_FILE = PracticeUIKit01/Info.plist;
				INFOPLIST_KEY_UIApplicationSupportsIndirectInputEvents = YES;
				INFOPLIST_KEY_UILaunchStoryboardName = LaunchScreen;
				INFOPLIST_KEY_UIMainStoryboardFile = "";
				INFOPLIST_KEY_UISupportedInterfaceOrientations_iPad = "UIInterfaceOrientationPortrait UIInterfaceOrientationPortraitUpsideDown UIInterfaceOrientationLandscapeLeft UIInterfaceOrientationLandscapeRight";
				INFOPLIST_KEY_UISupportedInterfaceOrientations_iPhone = "UIInterfaceOrientationPortrait UIInterfaceOrientationLandscapeLeft UIInterfaceOrientationLandscapeRight";
				LD_RUNPATH_SEARCH_PATHS = (
					"$(inherited)",
					"@executable_path/Frameworks",
				);
				MARKETING_VERSION = 1.0;
				PRODUCT_BUNDLE_IDENTIFIER = com.test.PracticeUIKit01;
				PRODUCT_NAME = "$(TARGET_NAME)";
				SWIFT_EMIT_LOC_STRINGS = YES;
				SWIFT_VERSION = 5.0;
				TARGETED_DEVICE_FAMILY = "1,2";
			};
			name = Debug;
		};
		A208E1242BD62C98004E8605 /* Release */ = {
			isa = XCBuildConfiguration;
			buildSettings = {
				ASSETCATALOG_COMPILER_APPICON_NAME = AppIcon;
				ASSETCATALOG_COMPILER_GLOBAL_ACCENT_COLOR_NAME = AccentColor;
				CODE_SIGN_STYLE = Automatic;
				CURRENT_PROJECT_VERSION = 1;
				GENERATE_INFOPLIST_FILE = YES;
				INFOPLIST_FILE = PracticeUIKit01/Info.plist;
				INFOPLIST_KEY_UIApplicationSupportsIndirectInputEvents = YES;
				INFOPLIST_KEY_UILaunchStoryboardName = LaunchScreen;
				INFOPLIST_KEY_UIMainStoryboardFile = "";
				INFOPLIST_KEY_UISupportedInterfaceOrientations_iPad = "UIInterfaceOrientationPortrait UIInterfaceOrientationPortraitUpsideDown UIInterfaceOrientationLandscapeLeft UIInterfaceOrientationLandscapeRight";
				INFOPLIST_KEY_UISupportedInterfaceOrientations_iPhone = "UIInterfaceOrientationPortrait UIInterfaceOrientationLandscapeLeft UIInterfaceOrientationLandscapeRight";
				LD_RUNPATH_SEARCH_PATHS = (
					"$(inherited)",
					"@executable_path/Frameworks",
				);
				MARKETING_VERSION = 1.0;
				PRODUCT_BUNDLE_IDENTIFIER = com.test.PracticeUIKit01;
				PRODUCT_NAME = "$(TARGET_NAME)";
				SWIFT_EMIT_LOC_STRINGS = YES;
				SWIFT_VERSION = 5.0;
				TARGETED_DEVICE_FAMILY = "1,2";
			};
			name = Release;
		};
		A208E1262BD62C98004E8605 /* Debug */ = {
			isa = XCBuildConfiguration;
			buildSettings = {
				ALWAYS_EMBED_SWIFT_STANDARD_LIBRARIES = YES;
				BUNDLE_LOADER = "$(TEST_HOST)";
				CODE_SIGN_STYLE = Automatic;
				CURRENT_PROJECT_VERSION = 1;
				GENERATE_INFOPLIST_FILE = YES;
				IPHONEOS_DEPLOYMENT_TARGET = 17.4;
				MARKETING_VERSION = 1.0;
				PRODUCT_BUNDLE_IDENTIFIER = com.test.PracticeUIKit01Tests;
				PRODUCT_NAME = "$(TARGET_NAME)";
				SWIFT_EMIT_LOC_STRINGS = NO;
				SWIFT_VERSION = 5.0;
				TARGETED_DEVICE_FAMILY = "1,2";
				TEST_HOST = "$(BUILT_PRODUCTS_DIR)/PracticeUIKit01.app/$(BUNDLE_EXECUTABLE_FOLDER_PATH)/PracticeUIKit01";
			};
			name = Debug;
		};
		A208E1272BD62C98004E8605 /* Release */ = {
			isa = XCBuildConfiguration;
			buildSettings = {
				ALWAYS_EMBED_SWIFT_STANDARD_LIBRARIES = YES;
				BUNDLE_LOADER = "$(TEST_HOST)";
				CODE_SIGN_STYLE = Automatic;
				CURRENT_PROJECT_VERSION = 1;
				GENERATE_INFOPLIST_FILE = YES;
				IPHONEOS_DEPLOYMENT_TARGET = 17.4;
				MARKETING_VERSION = 1.0;
				PRODUCT_BUNDLE_IDENTIFIER = com.test.PracticeUIKit01Tests;
				PRODUCT_NAME = "$(TARGET_NAME)";
				SWIFT_EMIT_LOC_STRINGS = NO;
				SWIFT_VERSION = 5.0;
				TARGETED_DEVICE_FAMILY = "1,2";
				TEST_HOST = "$(BUILT_PRODUCTS_DIR)/PracticeUIKit01.app/$(BUNDLE_EXECUTABLE_FOLDER_PATH)/PracticeUIKit01";
			};
			name = Release;
		};
		A208E1292BD62C98004E8605 /* Debug */ = {
			isa = XCBuildConfiguration;
			buildSettings = {
				ALWAYS_EMBED_SWIFT_STANDARD_LIBRARIES = YES;
				CODE_SIGN_STYLE = Automatic;
				CURRENT_PROJECT_VERSION = 1;
				GENERATE_INFOPLIST_FILE = YES;
				MARKETING_VERSION = 1.0;
				PRODUCT_BUNDLE_IDENTIFIER = com.test.PracticeUIKit01UITests;
				PRODUCT_NAME = "$(TARGET_NAME)";
				SWIFT_EMIT_LOC_STRINGS = NO;
				SWIFT_VERSION = 5.0;
				TARGETED_DEVICE_FAMILY = "1,2";
				TEST_TARGET_NAME = PracticeUIKit01;
			};
			name = Debug;
		};
		A208E12A2BD62C98004E8605 /* Release */ = {
			isa = XCBuildConfiguration;
			buildSettings = {
				ALWAYS_EMBED_SWIFT_STANDARD_LIBRARIES = YES;
				CODE_SIGN_STYLE = Automatic;
				CURRENT_PROJECT_VERSION = 1;
				GENERATE_INFOPLIST_FILE = YES;
				MARKETING_VERSION = 1.0;
				PRODUCT_BUNDLE_IDENTIFIER = com.test.PracticeUIKit01UITests;
				PRODUCT_NAME = "$(TARGET_NAME)";
				SWIFT_EMIT_LOC_STRINGS = NO;
				SWIFT_VERSION = 5.0;
				TARGETED_DEVICE_FAMILY = "1,2";
				TEST_TARGET_NAME = PracticeUIKit01;
			};
			name = Release;
		};
/* End XCBuildConfiguration section */

/* Begin XCConfigurationList section */
		A208E0F32BD62C96004E8605 /* Build configuration list for PBXProject "PracticeUIKit01" */ = {
			isa = XCConfigurationList;
			buildConfigurations = (
				A208E1202BD62C98004E8605 /* Debug */,
				A208E1212BD62C98004E8605 /* Release */,
			);
			defaultConfigurationIsVisible = 0;
			defaultConfigurationName = Release;
		};
		A208E1222BD62C98004E8605 /* Build configuration list for PBXNativeTarget "PracticeUIKit01" */ = {
			isa = XCConfigurationList;
			buildConfigurations = (
				A208E1232BD62C98004E8605 /* Debug */,
				A208E1242BD62C98004E8605 /* Release */,
			);
			defaultConfigurationIsVisible = 0;
			defaultConfigurationName = Release;
		};
		A208E1252BD62C98004E8605 /* Build configuration list for PBXNativeTarget "PracticeUIKit01Tests" */ = {
			isa = XCConfigurationList;
			buildConfigurations = (
				A208E1262BD62C98004E8605 /* Debug */,
				A208E1272BD62C98004E8605 /* Release */,
			);
			defaultConfigurationIsVisible = 0;
			defaultConfigurationName = Release;
		};
		A208E1282BD62C98004E8605 /* Build configuration list for PBXNativeTarget "PracticeUIKit01UITests" */ = {
			isa = XCConfigurationList;
			buildConfigurations = (
				A208E1292BD62C98004E8605 /* Debug */,
				A208E12A2BD62C98004E8605 /* Release */,
			);
			defaultConfigurationIsVisible = 0;
			defaultConfigurationName = Release;
		};
/* End XCConfigurationList section */
	};
	rootObject = A208E0F02BD62C96004E8605 /* Project object */;
}
